
Microsoft Visual Studio Solution File, Format Version 12.00
# Visual Studio Version 16
VisualStudioVersion = 16.0.29209.62
MinimumVisualStudioVersion = 10.0.40219.1
Project("{9A19103F-16F7-4668-BE54-9A1E7A4F7556}") = "Microsoft.Teams.Apps.BookAThing", "Microsoft.Teams.Apps.BookAThing\Microsoft.Teams.Apps.BookAThing.csproj", "{EB4EE077-B3F4-46A4-BA15-AEF1CDE9E9C6}"
EndProject
Project("{9A19103F-16F7-4668-BE54-9A1E7A4F7556}") = "Microsoft.Teams.App.BookAThing.SyncService", "Microsoft.Teams.App.BookAThing.SyncService\Microsoft.Teams.App.BookAThing.SyncService.csproj", "{616439B1-C1ED-462F-9F63-1F5F3382BF59}"
EndProject
Project("{9A19103F-16F7-4668-BE54-9A1E7A4F7556}") = "Microsoft.Teams.App.BookAThing.Common", "Microsoft.Teams.App.BookAThing.Common\Microsoft.Teams.App.BookAThing.Common.csproj", "{D3382601-AF60-4AB4-99D2-9DB401EEBDA1}"
EndProject
Global
	GlobalSection(SolutionConfigurationPlatforms) = preSolution
		Debug|Any CPU = Debug|Any CPU
		Release|Any CPU = Release|Any CPU
	EndGlobalSection
	GlobalSection(ProjectConfigurationPlatforms) = postSolution
		{EB4EE077-B3F4-46A4-BA15-AEF1CDE9E9C6}.Debug|Any CPU.ActiveCfg = Debug|Any CPU
		{EB4EE077-B3F4-46A4-BA15-AEF1CDE9E9C6}.Debug|Any CPU.Build.0 = Debug|Any CPU
		{EB4EE077-B3F4-46A4-BA15-AEF1CDE9E9C6}.Release|Any CPU.ActiveCfg = Release|Any CPU
		{EB4EE077-B3F4-46A4-BA15-AEF1CDE9E9C6}.Release|Any CPU.Build.0 = Release|Any CPU
		{616439B1-C1ED-462F-9F63-1F5F3382BF59}.Debug|Any CPU.ActiveCfg = Debug|Any CPU
		{616439B1-C1ED-462F-9F63-1F5F3382BF59}.Debug|Any CPU.Build.0 = Debug|Any CPU
		{616439B1-C1ED-462F-9F63-1F5F3382BF59}.Release|Any CPU.ActiveCfg = Release|Any CPU
		{616439B1-C1ED-462F-9F63-1F5F3382BF59}.Release|Any CPU.Build.0 = Release|Any CPU
		{D3382601-AF60-4AB4-99D2-9DB401EEBDA1}.Debug|Any CPU.ActiveCfg = Debug|Any CPU
		{D3382601-AF60-4AB4-99D2-9DB401EEBDA1}.Debug|Any CPU.Build.0 = Debug|Any CPU
		{D3382601-AF60-4AB4-99D2-9DB401EEBDA1}.Release|Any CPU.ActiveCfg = Release|Any CPU
		{D3382601-AF60-4AB4-99D2-9DB401EEBDA1}.Release|Any CPU.Build.0 = Release|Any CPU
	EndGlobalSection
	GlobalSection(SolutionProperties) = preSolution
		HideSolutionNode = FALSE
	EndGlobalSection
	GlobalSection(ExtensibilityGlobals) = postSolution
		SolutionGuid = {6D762F1D-6594-4031-9458-D2B7AFA2B86F}
	EndGlobalSection
EndGlobal
